{
  "name": "typed-rest-client-tests",
  "version": "1.0.0",
  "lockfileVersion": 1,
  "requires": true,
  "dependencies": {
    "typed-rest-client": {
      "version": "file:../_build",
      "requires": {
        "tunnel": "0.0.4",
        "underscore": "1.8.3"
      },
      "dependencies": {
        "assertion-error": {
          "version": "1.1.0",
          "bundled": true
        },
        "chai": {
          "version": "4.1.2",
          "bundled": true,
          "requires": {
            "assertion-error": "1.1.0",
            "check-error": "1.0.2",
            "deep-eql": "3.0.1",
            "get-func-name": "2.0.0",
            "pathval": "1.1.0",
            "type-detect": "4.0.8"
          }
        },
        "check-error": {
          "version": "1.0.2",
          "bundled": true
        },
        "debug": {
          "version": "3.1.0",
          "bundled": true,
          "requires": {
            "ms": "2.0.0"
          }
        },
        "deep-eql": {
          "version": "3.0.1",
          "bundled": true,
          "requires": {
            "type-detect": "4.0.8"
          }
        },
        "deep-equal": {
          "version": "1.0.1",
          "bundled": true
        },
        "get-func-name": {
          "version": "2.0.0",
          "bundled": true
        },
        "json-stringify-safe": {
          "version": "5.0.1",
          "bundled": true
        },
        "lodash": {
          "version": "4.17.10",
          "bundled": true
        },
        "minimist": {
          "version": "0.0.8",
          "bundled": true
        },
        "mkdirp": {
          "version": "0.5.1",
          "bundled": true,
          "requires": {
            "minimist": "0.0.8"
          }
        },
        "ms": {
          "version": "2.0.0",
          "bundled": true
        },
        "nock": {
          "version": "9.6.1",
          "bundled": true,
          "requires": {
            "chai": "4.1.2",
            "debug": "3.1.0",
            "deep-equal": "1.0.1",
            "json-stringify-safe": "5.0.1",
            "lodash": "4.17.10",
            "mkdirp": "0.5.1",
            "propagate": "1.0.0",
            "qs": "6.5.2",
            "semver": "5.5.1"
          }
        },
        "pathval": {
          "version": "1.1.0",
          "bundled": true
        },
        "propagate": {
          "version": "1.0.0",
          "bundled": true
        },
        "qs": {
          "version": "6.5.2",
          "bundled": true
        },
        "semver": {
          "version": "5.5.1",
          "bundled": true
        },
        "tunnel": {
          "version": "0.0.4",
          "bundled": true
        },
        "type-detect": {
          "version": "4.0.8",
          "bundled": true
        },
        "underscore": {
          "version": "1.8.3",
          "bundled": true
        }
      }
    }
  }
}
