{
  "name": "typed-rest-client-tests",
  "version": "1.0.0",
  "lockfileVersion": 1,
  "requires": true,
  "dependencies": {
    "typed-rest-client": {
      "version": "file:../_build",
      "requires": {
        "tunnel": "0.0.4",
        "underscore": "1.8.3"
      },
      "dependencies": {
        "tunnel": {
          "version": "0.0.4",
          "resolved": "https://registry.npmjs.org/tunnel/-/tunnel-0.0.4.tgz",
          "integrity": "sha1-LTeFoVjBdMmhbcLARuxfxfF0IhM="
        },
        "underscore": {
          "version": "1.8.3",
          "resolved": "https://registry.npmjs.org/underscore/-/underscore-1.8.3.tgz",
          "integrity": "sha1-Tz+1OxBuYJf8+ctBCfKl6b36UCI="
        }
      }
    }
  }
}
