{
  "name": "typed-rest-client-tests",
  "version": "1.0.0",
  "lockfileVersion": 3,
  "requires": true,
  "packages": {
    "": {
      "name": "typed-rest-client-tests",
      "version": "1.0.0",
      "license": "MIT",
      "dependencies": {
        "typed-rest-client": "file:../_build"
      }
    },
    "../_build": {
      "name": "typed-rest-client",
      "version": "2.0.2",
      "license": "MIT",
      "dependencies": {
        "des.js": "^1.1.0",
        "js-md4": "^0.3.2",
        "qs": "^6.10.3",
        "tunnel": "0.0.6",
        "underscore": "^1.12.1"
      },
      "devDependencies": {
        "@octokit/rest": "^20.1.1",
        "@types/mocha": "^2.2.44",
        "@types/node": "^20.11.0",
        "@types/shelljs": "0.7.4",
        "mocha": "^10.4.0",
        "nock": "13.5.4",
        "semver": "^7.6.2",
        "shelljs": "^0.8.5",
        "typescript": "^5.4.5"
      },
      "engines": {
        "node": ">= 16.0.0"
      }
    },
    "node_modules/typed-rest-client": {
      "resolved": "../_build",
      "link": true
    }
  }
}
