{
  "name": "nodejs-web-app",
  "version": "0.0.0",
  "lockfileVersion": 1,
  "requires": true,
  "dependencies": {
    "@types/node": {
      "version": "8.10.29",
      "resolved": "https://registry.npmjs.org/@types/node/-/node-8.10.29.tgz",
      "integrity": "sha512-zbteaWZ2mdduacm0byELwtRyhYE40aK+pAanQk415gr1eRuu67x7QGOLmn8jz5zI8LDK7d0WI/oT6r5Trz4rzQ==",
      "dev": true
    }
  }
}
